<Solution>
  <Project Path="src/TeamTalkNg.Accessibility/TeamTalkNg.Accessibility.csproj" />
  <Project Path="src/TeamTalkNg.App/TeamTalkNg.App.csproj" />
  <Project Path="src/TeamTalkNg.Core/TeamTalkNg.Core.csproj" />
  <Project Path="src/TeamTalkNg.TeamTalkSdk/TeamTalkNg.TeamTalkSdk.csproj" />
  <Project Path="tests/TeamTalkNg.Tests/TeamTalkNg.Tests.csproj" />
</Solution>
